{
  "nodes": {
    "alpine-js": {
      "flake": false,
      "locked": {
        "narHash": "sha256-puJBvBaHVqKaKYCngvzz+Y8rUF99evd+UCtGuXd3YMY=",
        "type": "file",
        "url": "https://cdn.jsdelivr.net/npm/alpinejs@3.14.9/dist/cdn.min.js"
      },
      "original": {
        "type": "file",
        "url": "https://cdn.jsdelivr.net/npm/alpinejs@3.14.9/dist/cdn.min.js"
      }
    },
    "blueprint": {
      "inputs": {
        "nixpkgs": "nixpkgs",
        "systems": "systems"
      },
      "locked": {
        "lastModified": 1788342924,
        "narHash": "sha256-Sfyygt2dL88+160d014gaXMlWTGIL2HGxlIzLGsGPvE=",
        "owner": "numtide",
        "repo": "blueprint",
        "rev": "8be75245e274a789b87cc4df542abbcd8c5e7f93",
        "type": "github"
      },
      "original": {
        "owner": "numtide",
        "repo": "blueprint",
        "type": "github"
      }
    },
    "daisyui-css": {
      "flake": false,
      "locked": {
        "narHash": "sha256-7r39HN9hkNCNG5PcGJ1MGX7wRhmstc+Mj/mVjs8CgVU=",
        "type": "file",
        "url": "https://cdn.jsdelivr.net/npm/daisyui@5/daisyui.css"
      },
      "original": {
        "type": "file",
        "url": "https://cdn.jsdelivr.net/npm/daisyui@5/daisyui.css"
      }
    },
    "htmx-js": {
      "flake": false,
      "locked": {
        "narHash": "sha256-nm6avZuEBg67SSyyZUhjpXVNstHHgUxrtBHqJgowU08=",
        "type": "file",
        "url": "https://unpkg.com/htmx.org@2.0.4/dist/htmx.min.js"
      },
      "original": {
        "type": "file",
        "url": "https://unpkg.com/htmx.org@2.0.4/dist/htmx.min.js"
      }
    },
    "htmx-response-targets-js": {
      "flake": false,
      "locked": {
        "narHash": "sha256-VUdGsfIgtXRz8I/8Twf57Ig3mjNQM/WxEVAqJx4fl8s=",
        "type": "file",
        "url": "https://unpkg.com/htmx-ext-response-targets@2.0.2/response-targets.js"
      },
      "original": {
        "type": "file",
        "url": "https://unpkg.com/htmx-ext-response-targets@2.0.2/response-targets.js"
      }
    },
    "lucide-js": {
      "flake": false,
      "locked": {
        "narHash": "sha256-W9tg40ZpsMBHy2V9XpUiRbzRHqf/3sicHNCEsTAg59A=",
        "type": "file",
        "url": "https://unpkg.com/lucide@0.577.0/dist/umd/lucide.min.js"
      },
      "original": {
        "type": "file",
        "url": "https://unpkg.com/lucide@0.577.0/dist/umd/lucide.min.js"
      }
    },
    "nixpkgs": {
      "locked": {
        "lastModified": 1741513245,
        "narHash": "sha256-7rTAMNTY1xoBwz0h7ZMtEcd8LELk9R5TzBPoHuhNSCk=",
        "owner": "nixos",
        "repo": "nixpkgs",
        "rev": "e3e32b642a31e6714ec1b712de8c91a3352ce7e1",
        "type": "github"
      },
      "original": {
        "owner": "nixos",
        "ref": "nixos-unstable",
        "repo": "nixpkgs",
        "type": "github"
      }
    },
    "nixpkgs_2": {
      "locked": {
        "lastModified": 1789960332,
        "narHash": "sha256-MQ5my6vvo0z2iVQcKqrysutFWvsNw3/ynNxzjJon4yc=",
        "owner": "NixOS",
        "repo": "nixpkgs",
        "rev": "35e212742ceab4ae1dcfbfd9039a39215c816e8e",
        "type": "github"
      },
      "original": {
        "owner": "NixOS",
        "ref": "nixpkgs-unstable",
        "repo": "nixpkgs",
        "type": "github"
      }
    },
    "pyproject-build-systems": {
      "inputs": {
        "nixpkgs": [
          "nixpkgs"
        ],
        "pyproject-nix": [
          "pyproject-nix"
        ],
        "uv2nix": [
          "uv2nix"
        ]
      },
      "locked": {
        "lastModified": 1789963190,
        "narHash": "sha256-mj5BLUKECIHv3rwkBXL6xQp45gIBJV7ZOYgT46LXwho=",
        "owner": "pyproject-nix",
        "repo": "build-system-pkgs",
        "rev": "14b45373ea9a14ed2fcd0abf3ed35c8e3c430020",
        "type": "github"
      },
      "original": {
        "owner": "pyproject-nix",
        "repo": "build-system-pkgs",
        "type": "github"
      }
    },
    "pyproject-nix": {
      "inputs": {
        "nixpkgs": [
          "nixpkgs"
        ]
      },
      "locked": {
        "lastModified": 1788394333,
        "narHash": "sha256-xYOP0Xym1eVGUaHFx+eJEaycFGoiCbst3fZf0xFHP78=",
        "owner": "pyproject-nix",
        "repo": "pyproject.nix",
        "rev": "6a8a7881d75b6f98967e7b8069f4ead331384301",
        "type": "github"
      },
      "original": {
        "owner": "pyproject-nix",
        "repo": "pyproject.nix",
        "type": "github"
      }
    },
    "root": {
      "inputs": {
        "alpine-js": "alpine-js",
        "blueprint": "blueprint",
        "daisyui-css": "daisyui-css",
        "htmx-js": "htmx-js",
        "htmx-response-targets-js": "htmx-response-targets-js",
        "lucide-js": "lucide-js",
        "nixpkgs": "nixpkgs_2",
        "pyproject-build-systems": "pyproject-build-systems",
        "pyproject-nix": "pyproject-nix",
        "tabulator-css": "tabulator-css",
        "tabulator-js": "tabulator-js",
        "tom-select-css": "tom-select-css",
        "tom-select-js": "tom-select-js",
        "uv2nix": "uv2nix",
        "vega-embed-js": "vega-embed-js",
        "vega-js": "vega-js",
        "vega-lite-js": "vega-lite-js"
      }
    },
    "systems": {
      "locked": {
        "lastModified": 1681028828,
        "narHash": "sha256-Vy1rq5AaRuLzOxct8nz4T6wlgyUR7zLU309k9mBC768=",
        "owner": "nix-systems",
        "repo": "default",
        "rev": "da67096a3b9bf56a91d16901293e51ba5b49a27e",
        "type": "github"
      },
      "original": {
        "owner": "nix-systems",
        "repo": "default",
        "type": "github"
      }
    },
    "tabulator-css": {
      "flake": false,
      "locked": {
        "narHash": "sha256-QTPGbZfgZWxAW6uQc7A0xtSKHHHDv5mPYYytuMa+ZWY=",
        "type": "file",
        "url": "https://cdn.jsdelivr.net/npm/tabulator-tables@6.5.0/dist/css/tabulator.min.css"
      },
      "original": {
        "type": "file",
        "url": "https://cdn.jsdelivr.net/npm/tabulator-tables@6.5.0/dist/css/tabulator.min.css"
      }
    },
    "tabulator-js": {
      "flake": false,
      "locked": {
        "narHash": "sha256-WGCm/t9+CfPh1yiTg6IEP563f9b3h+wnyZG/PgHut8c=",
        "type": "file",
        "url": "https://cdn.jsdelivr.net/npm/tabulator-tables@6.5.0/dist/js/tabulator.min.js"
      },
      "original": {
        "type": "file",
        "url": "https://cdn.jsdelivr.net/npm/tabulator-tables@6.5.0/dist/js/tabulator.min.js"
      }
    },
    "tom-select-css": {
      "flake": false,
      "locked": {
        "narHash": "sha256-sD+suzF8ksbqM2n/G6QR7YyDBW42kuqaG5jB7QmfGQo=",
        "type": "file",
        "url": "https://cdn.jsdelivr.net/npm/tom-select@2.4.3/dist/css/tom-select.min.css"
      },
      "original": {
        "type": "file",
        "url": "https://cdn.jsdelivr.net/npm/tom-select@2.4.3/dist/css/tom-select.min.css"
      }
    },
    "tom-select-js": {
      "flake": false,
      "locked": {
        "narHash": "sha256-8wZiLEvuMhEY/m0EigOADgSS0Qe5HoI9jOChf6CmddU=",
        "type": "file",
        "url": "https://cdn.jsdelivr.net/npm/tom-select@2.4.3/dist/js/tom-select.complete.min.js"
      },
      "original": {
        "type": "file",
        "url": "https://cdn.jsdelivr.net/npm/tom-select@2.4.3/dist/js/tom-select.complete.min.js"
      }
    },
    "uv2nix": {
      "inputs": {
        "nixpkgs": [
          "nixpkgs"
        ],
        "pyproject-nix": [
          "pyproject-nix"
        ]
      },
      "locked": {
        "lastModified": 1789383061,
        "narHash": "sha256-+DkygIVr/+RtXnsjd07BzFFB0ihwmjjLuYh1fyc/bCg=",
        "owner": "pyproject-nix",
        "repo": "uv2nix",
        "rev": "079be4e68c529c4cbc44dbf1afc692e4b30695b3",
        "type": "github"
      },
      "original": {
        "owner": "pyproject-nix",
        "repo": "uv2nix",
        "type": "github"
      }
    },
    "vega-embed-js": {
      "flake": false,
      "locked": {
        "narHash": "sha256-dqwuHsPQ+l0rubGkrdk+zUIRngjkcNMTGZj4wNFlFcQ=",
        "type": "file",
        "url": "https://cdn.jsdelivr.net/npm/vega-embed@7.3.0/build/vega-embed.min.js"
      },
      "original": {
        "type": "file",
        "url": "https://cdn.jsdelivr.net/npm/vega-embed@7.3.0/build/vega-embed.min.js"
      }
    },
    "vega-js": {
      "flake": false,
      "locked": {
        "narHash": "sha256-HNvicpIfpr8FCeTCMFHIDSr/Xzd9H1hyvTbXweu2zaY=",
        "type": "file",
        "url": "https://cdn.jsdelivr.net/npm/vega@6.4.0/build/vega.min.js"
      },
      "original": {
        "type": "file",
        "url": "https://cdn.jsdelivr.net/npm/vega@6.4.0/build/vega.min.js"
      }
    },
    "vega-lite-js": {
      "flake": false,
      "locked": {
        "narHash": "sha256-KYHpIpBrUsl6ueg2I4N5xRm/oLCwILfSq7a6X0s+VLQ=",
        "type": "file",
        "url": "https://cdn.jsdelivr.net/npm/vega-lite@6.4.3/build/vega-lite.min.js"
      },
      "original": {
        "type": "file",
        "url": "https://cdn.jsdelivr.net/npm/vega-lite@6.4.3/build/vega-lite.min.js"
      }
    }
  },
  "root": "root",
  "version": 7
}
