{
  "nodes": {
    "daisyui-css": {
      "flake": false,
      "locked": {
        "narHash": "sha256-BrNYp/4ryp8yVz/O1MmgQW9rHgNIlN8KTJmYLaCizOQ=",
        "type": "file",
        "url": "https://cdn.jsdelivr.net/npm/daisyui@5/daisyui.css"
      },
      "original": {
        "type": "file",
        "url": "https://cdn.jsdelivr.net/npm/daisyui@5/daisyui.css"
      }
    },
    "nixpkgs": {
      "locked": {
        "lastModified": 1773628058,
        "narHash": "sha256-hpXH0z3K9xv0fHaje136KY872VT2T5uwxtezlAskQgY=",
        "owner": "NixOS",
        "repo": "nixpkgs",
        "rev": "f8573b9c935cfaa162dd62cc9e75ae2db86f85df",
        "type": "github"
      },
      "original": {
        "owner": "NixOS",
        "ref": "nixpkgs-unstable",
        "repo": "nixpkgs",
        "type": "github"
      }
    },
    "root": {
      "inputs": {
        "daisyui-css": "daisyui-css",
        "nixpkgs": "nixpkgs"
      }
    }
  },
  "root": "root",
  "version": 7
}
